
Microsoft Visual Studio Solution File, Format Version 12.00
# Visual Studio 15
VisualStudioVersion = 15.0.28307.329
MinimumVisualStudioVersion = 10.0.40219.1
Project("{FAE04EC0-301F-11D3-BF4B-00C04F79EFBC}") = "RealShutdown", "RealShutdown\RealShutdown.csproj", "{A1224358-449E-4F1E-A86D-7D28E6047635}"
EndProject
Project("{FAE04EC0-301F-11D3-BF4B-00C04F79EFBC}") = "ShutdownNoUpdate", "ShutdownNoUpdate\ShutdownNoUpdate.csproj", "{B29CFDF6-1544-42E3-B77A-7A6D0C5B414B}"
EndProject
Global
	GlobalSection(SolutionConfigurationPlatforms) = preSolution
		Debug|Any CPU = Debug|Any CPU
		Release|Any CPU = Release|Any CPU
	EndGlobalSection
	GlobalSection(ProjectConfigurationPlatforms) = postSolution
		{A1224358-449E-4F1E-A86D-7D28E6047635}.Debug|Any CPU.ActiveCfg = Debug|Any CPU
		{A1224358-449E-4F1E-A86D-7D28E6047635}.Debug|Any CPU.Build.0 = Debug|Any CPU
		{A1224358-449E-4F1E-A86D-7D28E6047635}.Release|Any CPU.ActiveCfg = Release|Any CPU
		{A1224358-449E-4F1E-A86D-7D28E6047635}.Release|Any CPU.Build.0 = Release|Any CPU
		{B29CFDF6-1544-42E3-B77A-7A6D0C5B414B}.Debug|Any CPU.ActiveCfg = Debug|Any CPU
		{B29CFDF6-1544-42E3-B77A-7A6D0C5B414B}.Debug|Any CPU.Build.0 = Debug|Any CPU
		{B29CFDF6-1544-42E3-B77A-7A6D0C5B414B}.Release|Any CPU.ActiveCfg = Release|Any CPU
		{B29CFDF6-1544-42E3-B77A-7A6D0C5B414B}.Release|Any CPU.Build.0 = Release|Any CPU
	EndGlobalSection
	GlobalSection(SolutionProperties) = preSolution
		HideSolutionNode = FALSE
	EndGlobalSection
	GlobalSection(ExtensibilityGlobals) = postSolution
		SolutionGuid = {DCBCBAA8-3213-4F93-8FEF-5581C653DA4F}
	EndGlobalSection
EndGlobal
